
Microsoft Visual Studio Solution File, Format Version 12.00
# Visual Studio Version 16
VisualStudioVersion = 16.0.29728.190
MinimumVisualStudioVersion = 10.0.40219.1
Project("{FAE04EC0-301F-11D3-BF4B-00C04F79EFBC}") = "GigHub", "GigHub\GigHub.csproj", "{B966B6F3-5083-46BC-988E-2241863E7459}"
EndProject
Global
	GlobalSection(SolutionConfigurationPlatforms) = preSolution
		Debug|Any CPU = Debug|Any CPU
		Release|Any CPU = Release|Any CPU
	EndGlobalSection
	GlobalSection(ProjectConfigurationPlatforms) = postSolution
		{B966B6F3-5083-46BC-988E-2241863E7459}.Debug|Any CPU.ActiveCfg = Debug|Any CPU
		{B966B6F3-5083-46BC-988E-2241863E7459}.Debug|Any CPU.Build.0 = Debug|Any CPU
		{B966B6F3-5083-46BC-988E-2241863E7459}.Release|Any CPU.ActiveCfg = Release|Any CPU
		{B966B6F3-5083-46BC-988E-2241863E7459}.Release|Any CPU.Build.0 = Release|Any CPU
	EndGlobalSection
	GlobalSection(SolutionProperties) = preSolution
		HideSolutionNode = FALSE
	EndGlobalSection
	GlobalSection(ExtensibilityGlobals) = postSolution
		SolutionGuid = {3A3BE374-D7F4-46DD-84EE-877B32182C5F}
	EndGlobalSection
EndGlobal
